
Microsoft Visual Studio Solution File, Format Version 12.00
# Visual Studio 15
VisualStudioVersion = 15.0.26730.16
MinimumVisualStudioVersion = 10.0.40219.1
Project("{FAE04EC0-301F-11D3-BF4B-00C04F79EFBC}") = "DowaBakery", "DowaBakery\DowaBakery.csproj", "{73019F0C-6490-4D05-9FA9-34BB2D4E81A8}"
EndProject
Global
	GlobalSection(SolutionConfigurationPlatforms) = preSolution
		Debug|Any CPU = Debug|Any CPU
		Release|Any CPU = Release|Any CPU
	EndGlobalSection
	GlobalSection(ProjectConfigurationPlatforms) = postSolution
		{73019F0C-6490-4D05-9FA9-34BB2D4E81A8}.Debug|Any CPU.ActiveCfg = Debug|Any CPU
		{73019F0C-6490-4D05-9FA9-34BB2D4E81A8}.Debug|Any CPU.Build.0 = Debug|Any CPU
		{73019F0C-6490-4D05-9FA9-34BB2D4E81A8}.Release|Any CPU.ActiveCfg = Release|Any CPU
		{73019F0C-6490-4D05-9FA9-34BB2D4E81A8}.Release|Any CPU.Build.0 = Release|Any CPU
	EndGlobalSection
	GlobalSection(SolutionProperties) = preSolution
		HideSolutionNode = FALSE
	EndGlobalSection
	GlobalSection(ExtensibilityGlobals) = postSolution
		SolutionGuid = {6DD4C045-F9D0-4C6B-9291-A42BD4AF9CC5}
	EndGlobalSection
EndGlobal
